// !$*UTF8*$!
{
	archiveVersion = 1;
	classes = {
	};
	objectVersion = 56;
	objects = {

/* Begin PBXBuildFile section */
		F8DF08262A9DDD0D003F65BC /* ECSExampleMacApp.swift in Sources */ = {isa = PBXBuildFile; fileRef = F8DF08252A9DDD0D003F65BC /* ECSExampleMacApp.swift */; };
		F8DF08282A9DDD0D003F65BC /* ContentView.swift in Sources */ = {isa = PBXBuildFile; fileRef = F8DF08272A9DDD0D003F65BC /* ContentView.swift */; };
		F8DF082A2A9DDD0E003F65BC /* Assets.xcassets in Resources */ = {isa = PBXBuildFile; fileRef = F8DF08292A9DDD0E003F65BC /* Assets.xcassets */; };
		F8DF082D2A9DDD0E003F65BC /* Preview Assets.xcassets in Resources */ = {isa = PBXBuildFile; fileRef = F8DF082C2A9DDD0E003F65BC /* Preview Assets.xcassets */; };
		F8DF08352A9DDD5C003F65BC /* GameScene.swift in Sources */ = {isa = PBXBuildFile; fileRef = F8DF08342A9DDD5C003F65BC /* GameScene.swift */; };
		F8DF08382A9EDC98003F65BC /* SpriteComponent.swift in Sources */ = {isa = PBXBuildFile; fileRef = F8DF08372A9EDC98003F65BC /* SpriteComponent.swift */; };
		F8DF083B2A9F44FE003F65BC /* PlayerEntity.swift in Sources */ = {isa = PBXBuildFile; fileRef = F8DF083A2A9F44FE003F65BC /* PlayerEntity.swift */; };
		F8DF083D2A9F4519003F65BC /* HandsOnInstructions in Resources */ = {isa = PBXBuildFile; fileRef = F8DF083C2A9F4519003F65BC /* HandsOnInstructions */; };
		F8DF083F2AA044F2003F65BC /* EntityManager.swift in Sources */ = {isa = PBXBuildFile; fileRef = F8DF083E2AA044F2003F65BC /* EntityManager.swift */; };
		F8DF08412AA179DC003F65BC /* EnemyEntity.swift in Sources */ = {isa = PBXBuildFile; fileRef = F8DF08402AA179DC003F65BC /* EnemyEntity.swift */; };
		F8DF08432AA18158003F65BC /* EnemyAgentComponent.swift in Sources */ = {isa = PBXBuildFile; fileRef = F8DF08422AA18158003F65BC /* EnemyAgentComponent.swift */; };
		F8DF08452AA18850003F65BC /* SeekingBehavior.swift in Sources */ = {isa = PBXBuildFile; fileRef = F8DF08442AA18850003F65BC /* SeekingBehavior.swift */; };
		F8DF08482AA19F66003F65BC /* PlayerAgentComponent.swift in Sources */ = {isa = PBXBuildFile; fileRef = F8DF08472AA19F66003F65BC /* PlayerAgentComponent.swift */; };
/* End PBXBuildFile section */

/* Begin PBXFileReference section */
		F8DF08222A9DDD0D003F65BC /* ECSExampleMac.app */ = {isa = PBXFileReference; explicitFileType = wrapper.application; includeInIndex = 0; path = ECSExampleMac.app; sourceTree = BUILT_PRODUCTS_DIR; };
		F8DF08252A9DDD0D003F65BC /* ECSExampleMacApp.swift */ = {isa = PBXFileReference; lastKnownFileType = sourcecode.swift; path = ECSExampleMacApp.swift; sourceTree = "<group>"; };
		F8DF08272A9DDD0D003F65BC /* ContentView.swift */ = {isa = PBXFileReference; lastKnownFileType = sourcecode.swift; path = ContentView.swift; sourceTree = "<group>"; };
		F8DF08292A9DDD0E003F65BC /* Assets.xcassets */ = {isa = PBXFileReference; lastKnownFileType = folder.assetcatalog; path = Assets.xcassets; sourceTree = "<group>"; };
		F8DF082C2A9DDD0E003F65BC /* Preview Assets.xcassets */ = {isa = PBXFileReference; lastKnownFileType = folder.assetcatalog; path = "Preview Assets.xcassets"; sourceTree = "<group>"; };
		F8DF082E2A9DDD0E003F65BC /* ECSExampleMac.entitlements */ = {isa = PBXFileReference; lastKnownFileType = text.plist.entitlements; path = ECSExampleMac.entitlements; sourceTree = "<group>"; };
		F8DF08342A9DDD5C003F65BC /* GameScene.swift */ = {isa = PBXFileReference; lastKnownFileType = sourcecode.swift; path = GameScene.swift; sourceTree = "<group>"; };
		F8DF08372A9EDC98003F65BC /* SpriteComponent.swift */ = {isa = PBXFileReference; lastKnownFileType = sourcecode.swift; path = SpriteComponent.swift; sourceTree = "<group>"; };
		F8DF083A2A9F44FE003F65BC /* PlayerEntity.swift */ = {isa = PBXFileReference; lastKnownFileType = sourcecode.swift; path = PlayerEntity.swift; sourceTree = "<group>"; };
		F8DF083C2A9F4519003F65BC /* HandsOnInstructions */ = {isa = PBXFileReference; lastKnownFileType = text; path = HandsOnInstructions; sourceTree = "<group>"; };
		F8DF083E2AA044F2003F65BC /* EntityManager.swift */ = {isa = PBXFileReference; lastKnownFileType = sourcecode.swift; path = EntityManager.swift; sourceTree = "<group>"; };
		F8DF08402AA179DC003F65BC /* EnemyEntity.swift */ = {isa = PBXFileReference; lastKnownFileType = sourcecode.swift; path = EnemyEntity.swift; sourceTree = "<group>"; };
		F8DF08422AA18158003F65BC /* EnemyAgentComponent.swift */ = {isa = PBXFileReference; lastKnownFileType = sourcecode.swift; path = EnemyAgentComponent.swift; sourceTree = "<group>"; };
		F8DF08442AA18850003F65BC /* SeekingBehavior.swift */ = {isa = PBXFileReference; lastKnownFileType = sourcecode.swift; path = SeekingBehavior.swift; sourceTree = "<group>"; };
		F8DF08472AA19F66003F65BC /* PlayerAgentComponent.swift */ = {isa = PBXFileReference; lastKnownFileType = sourcecode.swift; path = PlayerAgentComponent.swift; sourceTree = "<group>"; };
/* End PBXFileReference section */

/* Begin PBXFrameworksBuildPhase section */
		F8DF081F2A9DDD0D003F65BC /* Frameworks */ = {
			isa = PBXFrameworksBuildPhase;
			buildActionMask = 2147483647;
			files = (
			);
			runOnlyForDeploymentPostprocessing = 0;
		};
/* End PBXFrameworksBuildPhase section */

/* Begin PBXGroup section */
		F8DF08192A9DDD0D003F65BC = {
			isa = PBXGroup;
			children = (
				F8DF08242A9DDD0D003F65BC /* ECSExampleMac */,
				F8DF08232A9DDD0D003F65BC /* Products */,
			);
			sourceTree = "<group>";
		};
		F8DF08232A9DDD0D003F65BC /* Products */ = {
			isa = PBXGroup;
			children = (
				F8DF08222A9DDD0D003F65BC /* ECSExampleMac.app */,
			);
			name = Products;
			sourceTree = "<group>";
		};
		F8DF08242A9DDD0D003F65BC /* ECSExampleMac */ = {
			isa = PBXGroup;
			children = (
				F8DF08252A9DDD0D003F65BC /* ECSExampleMacApp.swift */,
				F8DF08272A9DDD0D003F65BC /* ContentView.swift */,
				F8DF08342A9DDD5C003F65BC /* GameScene.swift */,
				F8DF083E2AA044F2003F65BC /* EntityManager.swift */,
				F8DF08462AA1899E003F65BC /* Behavior */,
				F8DF08392A9F2F21003F65BC /* Entity */,
				F8DF08362A9EDC1F003F65BC /* Component */,
				F8DF08292A9DDD0E003F65BC /* Assets.xcassets */,
				F8DF082E2A9DDD0E003F65BC /* ECSExampleMac.entitlements */,
				F8DF082B2A9DDD0E003F65BC /* Preview Content */,
				F8DF083C2A9F4519003F65BC /* HandsOnInstructions */,
			);
			path = ECSExampleMac;
			sourceTree = "<group>";
		};
		F8DF082B2A9DDD0E003F65BC /* Preview Content */ = {
			isa = PBXGroup;
			children = (
				F8DF082C2A9DDD0E003F65BC /* Preview Assets.xcassets */,
			);
			path = "Preview Content";
			sourceTree = "<group>";
		};
		F8DF08362A9EDC1F003F65BC /* Component */ = {
			isa = PBXGroup;
			children = (
				F8DF08372A9EDC98003F65BC /* SpriteComponent.swift */,
				F8DF08422AA18158003F65BC /* EnemyAgentComponent.swift */,
				F8DF08472AA19F66003F65BC /* PlayerAgentComponent.swift */,
			);
			path = Component;
			sourceTree = "<group>";
		};
		F8DF08392A9F2F21003F65BC /* Entity */ = {
			isa = PBXGroup;
			children = (
				F8DF083A2A9F44FE003F65BC /* PlayerEntity.swift */,
				F8DF08402AA179DC003F65BC /* EnemyEntity.swift */,
			);
			path = Entity;
			sourceTree = "<group>";
		};
		F8DF08462AA1899E003F65BC /* Behavior */ = {
			isa = PBXGroup;
			children = (
				F8DF08442AA18850003F65BC /* SeekingBehavior.swift */,
			);
			path = Behavior;
			sourceTree = "<group>";
		};
/* End PBXGroup section */

/* Begin PBXNativeTarget section */
		F8DF08212A9DDD0D003F65BC /* ECSExampleMac */ = {
			isa = PBXNativeTarget;
			buildConfigurationList = F8DF08312A9DDD0E003F65BC /* Build configuration list for PBXNativeTarget "ECSExampleMac" */;
			buildPhases = (
				F8DF081E2A9DDD0D003F65BC /* Sources */,
				F8DF081F2A9DDD0D003F65BC /* Frameworks */,
				F8DF08202A9DDD0D003F65BC /* Resources */,
			);
			buildRules = (
			);
			dependencies = (
			);
			name = ECSExampleMac;
			productName = ECSExampleMac;
			productReference = F8DF08222A9DDD0D003F65BC /* ECSExampleMac.app */;
			productType = "com.apple.product-type.application";
		};
/* End PBXNativeTarget section */

/* Begin PBXProject section */
		F8DF081A2A9DDD0D003F65BC /* Project object */ = {
			isa = PBXProject;
			attributes = {
				BuildIndependentTargetsInParallel = 1;
				LastSwiftUpdateCheck = 1430;
				LastUpgradeCheck = 1430;
				TargetAttributes = {
					F8DF08212A9DDD0D003F65BC = {
						CreatedOnToolsVersion = 14.3.1;
					};
				};
			};
			buildConfigurationList = F8DF081D2A9DDD0D003F65BC /* Build configuration list for PBXProject "ECSExampleMac" */;
			compatibilityVersion = "Xcode 14.0";
			developmentRegion = en;
			hasScannedForEncodings = 0;
			knownRegions = (
				en,
				Base,
			);
			mainGroup = F8DF08192A9DDD0D003F65BC;
			productRefGroup = F8DF08232A9DDD0D003F65BC /* Products */;
			projectDirPath = "";
			projectRoot = "";
			targets = (
				F8DF08212A9DDD0D003F65BC /* ECSExampleMac */,
			);
		};
/* End PBXProject section */

/* Begin PBXResourcesBuildPhase section */
		F8DF08202A9DDD0D003F65BC /* Resources */ = {
			isa = PBXResourcesBuildPhase;
			buildActionMask = 2147483647;
			files = (
				F8DF083D2A9F4519003F65BC /* HandsOnInstructions in Resources */,
				F8DF082D2A9DDD0E003F65BC /* Preview Assets.xcassets in Resources */,
				F8DF082A2A9DDD0E003F65BC /* Assets.xcassets in Resources */,
			);
			runOnlyForDeploymentPostprocessing = 0;
		};
/* End PBXResourcesBuildPhase section */

/* Begin PBXSourcesBuildPhase section */
		F8DF081E2A9DDD0D003F65BC /* Sources */ = {
			isa = PBXSourcesBuildPhase;
			buildActionMask = 2147483647;
			files = (
				F8DF08432AA18158003F65BC /* EnemyAgentComponent.swift in Sources */,
				F8DF083B2A9F44FE003F65BC /* PlayerEntity.swift in Sources */,
				F8DF08352A9DDD5C003F65BC /* GameScene.swift in Sources */,
				F8DF083F2AA044F2003F65BC /* EntityManager.swift in Sources */,
				F8DF08412AA179DC003F65BC /* EnemyEntity.swift in Sources */,
				F8DF08282A9DDD0D003F65BC /* ContentView.swift in Sources */,
				F8DF08482AA19F66003F65BC /* PlayerAgentComponent.swift in Sources */,
				F8DF08382A9EDC98003F65BC /* SpriteComponent.swift in Sources */,
				F8DF08452AA18850003F65BC /* SeekingBehavior.swift in Sources */,
				F8DF08262A9DDD0D003F65BC /* ECSExampleMacApp.swift in Sources */,
			);
			runOnlyForDeploymentPostprocessing = 0;
		};
/* End PBXSourcesBuildPhase section */

/* Begin XCBuildConfiguration section */
		F8DF082F2A9DDD0E003F65BC /* Debug */ = {
			isa = XCBuildConfiguration;
			buildSettings = {
				ALWAYS_SEARCH_USER_PATHS = NO;
				CLANG_ANALYZER_NONNULL = YES;
				CLANG_ANALYZER_NUMBER_OBJECT_CONVERSION = YES_AGGRESSIVE;
				CLANG_CXX_LANGUAGE_STANDARD = "gnu++20";
				CLANG_ENABLE_MODULES = YES;
				CLANG_ENABLE_OBJC_ARC = YES;
				CLANG_ENABLE_OBJC_WEAK = YES;
				CLANG_WARN_BLOCK_CAPTURE_AUTORELEASING = YES;
				CLANG_WARN_BOOL_CONVERSION = YES;
				CLANG_WARN_COMMA = YES;
				CLANG_WARN_CONSTANT_CONVERSION = YES;
				CLANG_WARN_DEPRECATED_OBJC_IMPLEMENTATIONS = YES;
				CLANG_WARN_DIRECT_OBJC_ISA_USAGE = YES_ERROR;
				CLANG_WARN_DOCUMENTATION_COMMENTS = YES;
				CLANG_WARN_EMPTY_BODY = YES;
				CLANG_WARN_ENUM_CONVERSION = YES;
				CLANG_WARN_INFINITE_RECURSION = YES;
				CLANG_WARN_INT_CONVERSION = YES;
				CLANG_WARN_NON_LITERAL_NULL_CONVERSION = YES;
				CLANG_WARN_OBJC_IMPLICIT_RETAIN_SELF = YES;
				CLANG_WARN_OBJC_LITERAL_CONVERSION = YES;
				CLANG_WARN_OBJC_ROOT_CLASS = YES_ERROR;
				CLANG_WARN_QUOTED_INCLUDE_IN_FRAMEWORK_HEADER = YES;
				CLANG_WARN_RANGE_LOOP_ANALYSIS = YES;
				CLANG_WARN_STRICT_PROTOTYPES = YES;
				CLANG_WARN_SUSPICIOUS_MOVE = YES;
				CLANG_WARN_UNGUARDED_AVAILABILITY = YES_AGGRESSIVE;
				CLANG_WARN_UNREACHABLE_CODE = YES;
				CLANG_WARN__DUPLICATE_METHOD_MATCH = YES;
				COPY_PHASE_STRIP = NO;
				DEBUG_INFORMATION_FORMAT = dwarf;
				ENABLE_STRICT_OBJC_MSGSEND = YES;
				ENABLE_TESTABILITY = YES;
				GCC_C_LANGUAGE_STANDARD = gnu11;
				GCC_DYNAMIC_NO_PIC = NO;
				GCC_NO_COMMON_BLOCKS = YES;
				GCC_OPTIMIZATION_LEVEL = 0;
				GCC_PREPROCESSOR_DEFINITIONS = (
					"DEBUG=1",
					"$(inherited)",
				);
				GCC_WARN_64_TO_32_BIT_CONVERSION = YES;
				GCC_WARN_ABOUT_RETURN_TYPE = YES_ERROR;
				GCC_WARN_UNDECLARED_SELECTOR = YES;
				GCC_WARN_UNINITIALIZED_AUTOS = YES_AGGRESSIVE;
				GCC_WARN_UNUSED_FUNCTION = YES;
				GCC_WARN_UNUSED_VARIABLE = YES;
				MACOSX_DEPLOYMENT_TARGET = 13.3;
				MTL_ENABLE_DEBUG_INFO = INCLUDE_SOURCE;
				MTL_FAST_MATH = YES;
				ONLY_ACTIVE_ARCH = YES;
				SDKROOT = macosx;
				SWIFT_ACTIVE_COMPILATION_CONDITIONS = DEBUG;
				SWIFT_OPTIMIZATION_LEVEL = "-Onone";
			};
			name = Debug;
		};
		F8DF08302A9DDD0E003F65BC /* Release */ = {
			isa = XCBuildConfiguration;
			buildSettings = {
				ALWAYS_SEARCH_USER_PATHS = NO;
				CLANG_ANALYZER_NONNULL = YES;
				CLANG_ANALYZER_NUMBER_OBJECT_CONVERSION = YES_AGGRESSIVE;
				CLANG_CXX_LANGUAGE_STANDARD = "gnu++20";
				CLANG_ENABLE_MODULES = YES;
				CLANG_ENABLE_OBJC_ARC = YES;
				CLANG_ENABLE_OBJC_WEAK = YES;
				CLANG_WARN_BLOCK_CAPTURE_AUTORELEASING = YES;
				CLANG_WARN_BOOL_CONVERSION = YES;
				CLANG_WARN_COMMA = YES;
				CLANG_WARN_CONSTANT_CONVERSION = YES;
				CLANG_WARN_DEPRECATED_OBJC_IMPLEMENTATIONS = YES;
				CLANG_WARN_DIRECT_OBJC_ISA_USAGE = YES_ERROR;
				CLANG_WARN_DOCUMENTATION_COMMENTS = YES;
				CLANG_WARN_EMPTY_BODY = YES;
				CLANG_WARN_ENUM_CONVERSION = YES;
				CLANG_WARN_INFINITE_RECURSION = YES;
				CLANG_WARN_INT_CONVERSION = YES;
				CLANG_WARN_NON_LITERAL_NULL_CONVERSION = YES;
				CLANG_WARN_OBJC_IMPLICIT_RETAIN_SELF = YES;
				CLANG_WARN_OBJC_LITERAL_CONVERSION = YES;
				CLANG_WARN_OBJC_ROOT_CLASS = YES_ERROR;
				CLANG_WARN_QUOTED_INCLUDE_IN_FRAMEWORK_HEADER = YES;
				CLANG_WARN_RANGE_LOOP_ANALYSIS = YES;
				CLANG_WARN_STRICT_PROTOTYPES = YES;
				CLANG_WARN_SUSPICIOUS_MOVE = YES;
				CLANG_WARN_UNGUARDED_AVAILABILITY = YES_AGGRESSIVE;
				CLANG_WARN_UNREACHABLE_CODE = YES;
				CLANG_WARN__DUPLICATE_METHOD_MATCH = YES;
				COPY_PHASE_STRIP = NO;
				DEBUG_INFORMATION_FORMAT = "dwarf-with-dsym";
				ENABLE_NS_ASSERTIONS = NO;
				ENABLE_STRICT_OBJC_MSGSEND = YES;
				GCC_C_LANGUAGE_STANDARD = gnu11;
				GCC_NO_COMMON_BLOCKS = YES;
				GCC_WARN_64_TO_32_BIT_CONVERSION = YES;
				GCC_WARN_ABOUT_RETURN_TYPE = YES_ERROR;
				GCC_WARN_UNDECLARED_SELECTOR = YES;
				GCC_WARN_UNINITIALIZED_AUTOS = YES_AGGRESSIVE;
				GCC_WARN_UNUSED_FUNCTION = YES;
				GCC_WARN_UNUSED_VARIABLE = YES;
				MACOSX_DEPLOYMENT_TARGET = 13.3;
				MTL_ENABLE_DEBUG_INFO = NO;
				MTL_FAST_MATH = YES;
				SDKROOT = macosx;
				SWIFT_COMPILATION_MODE = wholemodule;
				SWIFT_OPTIMIZATION_LEVEL = "-O";
			};
			name = Release;
		};
		F8DF08322A9DDD0E003F65BC /* Debug */ = {
			isa = XCBuildConfiguration;
			buildSettings = {
				ASSETCATALOG_COMPILER_APPICON_NAME = AppIcon;
				ASSETCATALOG_COMPILER_GLOBAL_ACCENT_COLOR_NAME = AccentColor;
				CODE_SIGN_ENTITLEMENTS = ECSExampleMac/ECSExampleMac.entitlements;
				CODE_SIGN_STYLE = Automatic;
				COMBINE_HIDPI_IMAGES = YES;
				CURRENT_PROJECT_VERSION = 1;
				DEVELOPMENT_ASSET_PATHS = "\"ECSExampleMac/Preview Content\"";
				DEVELOPMENT_TEAM = W84329STPY;
				ENABLE_HARDENED_RUNTIME = YES;
				ENABLE_PREVIEWS = YES;
				GENERATE_INFOPLIST_FILE = YES;
				INFOPLIST_KEY_NSHumanReadableCopyright = "";
				LD_RUNPATH_SEARCH_PATHS = (
					"$(inherited)",
					"@executable_path/../Frameworks",
				);
				MARKETING_VERSION = 1.0;
				PRODUCT_BUNDLE_IDENTIFIER = com.athoya.ECSExampleMac;
				PRODUCT_NAME = "$(TARGET_NAME)";
				SWIFT_EMIT_LOC_STRINGS = YES;
				SWIFT_VERSION = 5.0;
			};
			name = Debug;
		};
		F8DF08332A9DDD0E003F65BC /* Release */ = {
			isa = XCBuildConfiguration;
			buildSettings = {
				ASSETCATALOG_COMPILER_APPICON_NAME = AppIcon;
				ASSETCATALOG_COMPILER_GLOBAL_ACCENT_COLOR_NAME = AccentColor;
				CODE_SIGN_ENTITLEMENTS = ECSExampleMac/ECSExampleMac.entitlements;
				CODE_SIGN_STYLE = Automatic;
				COMBINE_HIDPI_IMAGES = YES;
				CURRENT_PROJECT_VERSION = 1;
				DEVELOPMENT_ASSET_PATHS = "\"ECSExampleMac/Preview Content\"";
				DEVELOPMENT_TEAM = W84329STPY;
				ENABLE_HARDENED_RUNTIME = YES;
				ENABLE_PREVIEWS = YES;
				GENERATE_INFOPLIST_FILE = YES;
				INFOPLIST_KEY_NSHumanReadableCopyright = "";
				LD_RUNPATH_SEARCH_PATHS = (
					"$(inherited)",
					"@executable_path/../Frameworks",
				);
				MARKETING_VERSION = 1.0;
				PRODUCT_BUNDLE_IDENTIFIER = com.athoya.ECSExampleMac;
				PRODUCT_NAME = "$(TARGET_NAME)";
				SWIFT_EMIT_LOC_STRINGS = YES;
				SWIFT_VERSION = 5.0;
			};
			name = Release;
		};
/* End XCBuildConfiguration section */

/* Begin XCConfigurationList section */
		F8DF081D2A9DDD0D003F65BC /* Build configuration list for PBXProject "ECSExampleMac" */ = {
			isa = XCConfigurationList;
			buildConfigurations = (
				F8DF082F2A9DDD0E003F65BC /* Debug */,
				F8DF08302A9DDD0E003F65BC /* Release */,
			);
			defaultConfigurationIsVisible = 0;
			defaultConfigurationName = Release;
		};
		F8DF08312A9DDD0E003F65BC /* Build configuration list for PBXNativeTarget "ECSExampleMac" */ = {
			isa = XCConfigurationList;
			buildConfigurations = (
				F8DF08322A9DDD0E003F65BC /* Debug */,
				F8DF08332A9DDD0E003F65BC /* Release */,
			);
			defaultConfigurationIsVisible = 0;
			defaultConfigurationName = Release;
		};
/* End XCConfigurationList section */
	};
	rootObject = F8DF081A2A9DDD0D003F65BC /* Project object */;
}
